
Microsoft Visual Studio Solution File, Format Version 12.00
# Visual Studio 15
VisualStudioVersion = 15.0.28307.168
MinimumVisualStudioVersion = 10.0.40219.1
Project("{FAE04EC0-301F-11D3-BF4B-00C04F79EFBC}") = "GameServer", "GameServer\GameServer.csproj", "{C51912DB-A173-4046-97D9-0E689DF58311}"
EndProject
Global
	GlobalSection(SolutionConfigurationPlatforms) = preSolution
		Debug|Any CPU = Debug|Any CPU
		Release|Any CPU = Release|Any CPU
	EndGlobalSection
	GlobalSection(ProjectConfigurationPlatforms) = postSolution
		{C51912DB-A173-4046-97D9-0E689DF58311}.Debug|Any CPU.ActiveCfg = Debug|Any CPU
		{C51912DB-A173-4046-97D9-0E689DF58311}.Debug|Any CPU.Build.0 = Debug|Any CPU
		{C51912DB-A173-4046-97D9-0E689DF58311}.Release|Any CPU.ActiveCfg = Release|Any CPU
		{C51912DB-A173-4046-97D9-0E689DF58311}.Release|Any CPU.Build.0 = Release|Any CPU
	EndGlobalSection
	GlobalSection(SolutionProperties) = preSolution
		HideSolutionNode = FALSE
	EndGlobalSection
	GlobalSection(ExtensibilityGlobals) = postSolution
		SolutionGuid = {7ABA6A1A-AB81-444F-AA06-CF1DD0115E74}
	EndGlobalSection
EndGlobal
